
Microsoft Visual Studio Solution File, Format Version 12.00
# Visual Studio Version 17
VisualStudioVersion = 17.5.002.0
MinimumVisualStudioVersion = 10.0.40219.1
Project("{9A19103F-16F7-4668-BE54-9A1E7A4F7556}") = "Monumental", "Monumental.csproj", "{F58039A0-B429-4680-8F32-75C58EDEA5C8}"
EndProject
Global
	GlobalSection(SolutionConfigurationPlatforms) = preSolution
		Debug|Any CPU = Debug|Any CPU
		Release|Any CPU = Release|Any CPU
	EndGlobalSection
	GlobalSection(ProjectConfigurationPlatforms) = postSolution
		{F58039A0-B429-4680-8F32-75C58EDEA5C8}.Debug|Any CPU.ActiveCfg = Debug|Any CPU
		{F58039A0-B429-4680-8F32-75C58EDEA5C8}.Debug|Any CPU.Build.0 = Debug|Any CPU
		{F58039A0-B429-4680-8F32-75C58EDEA5C8}.Release|Any CPU.ActiveCfg = Release|Any CPU
		{F58039A0-B429-4680-8F32-75C58EDEA5C8}.Release|Any CPU.Build.0 = Release|Any CPU
	EndGlobalSection
	GlobalSection(SolutionProperties) = preSolution
		HideSolutionNode = FALSE
	EndGlobalSection
	GlobalSection(ExtensibilityGlobals) = postSolution
		SolutionGuid = {3951A348-75FB-4AB8-88B0-EB12F043F8D7}
	EndGlobalSection
EndGlobal
